// !$*UTF8*$!
{
	archiveVersion = 1;
	classes = {
	};
	objectVersion = 56;
	objects = {

/* Begin PBXBuildFile section */
		C7052BB02B936127007131BB /* MoreActionButton.swift in Sources */ = {isa = PBXBuildFile; fileRef = C7052BAF2B936127007131BB /* MoreActionButton.swift */; };
		C7052BB22B93B620007131BB /* DeleteButton.swift in Sources */ = {isa = PBXBuildFile; fileRef = C7052BB12B93B620007131BB /* DeleteButton.swift */; };
		C7052BB62B93BDA7007131BB /* VideoMenu.swift in Sources */ = {isa = PBXBuildFile; fileRef = C7052BB52B93BDA7007131BB /* VideoMenu.swift */; };
		C7052BBF2B93F057007131BB /* NetworkService.swift in Sources */ = {isa = PBXBuildFile; fileRef = C7052BBE2B93F057007131BB /* NetworkService.swift */; };
		C7052BC12B93F08D007131BB /* AppError.swift in Sources */ = {isa = PBXBuildFile; fileRef = C7052BC02B93F08D007131BB /* AppError.swift */; };
		C7052BC32B93F0AA007131BB /* APIResponse.swift in Sources */ = {isa = PBXBuildFile; fileRef = C7052BC22B93F0AA007131BB /* APIResponse.swift */; };
		C7052BC52B93F0BC007131BB /* Route.swift in Sources */ = {isa = PBXBuildFile; fileRef = C7052BC42B93F0BC007131BB /* Route.swift */; };
		C7052BC72B93F0D6007131BB /* Method.swift in Sources */ = {isa = PBXBuildFile; fileRef = C7052BC62B93F0D6007131BB /* Method.swift */; };
		C71F796B2B89652800288621 /* OpenMedia.swift in Sources */ = {isa = PBXBuildFile; fileRef = C71F796A2B89652800288621 /* OpenMedia.swift */; };
		C71F796F2B89751C00288621 /* libraryFeedPreview.swift in Sources */ = {isa = PBXBuildFile; fileRef = C71F796E2B89751C00288621 /* libraryFeedPreview.swift */; };
		C71F79712B8977B000288621 /* CircleIndicator.swift in Sources */ = {isa = PBXBuildFile; fileRef = C71F79702B8977B000288621 /* CircleIndicator.swift */; };
		C71F79732B89781800288621 /* PageIndicator.swift in Sources */ = {isa = PBXBuildFile; fileRef = C71F79722B89781800288621 /* PageIndicator.swift */; };
		C71F79752B89783D00288621 /* noissyHeader.swift in Sources */ = {isa = PBXBuildFile; fileRef = C71F79742B89783D00288621 /* noissyHeader.swift */; };
		C71F79772B89798700288621 /* CombinedView.swift in Sources */ = {isa = PBXBuildFile; fileRef = C71F79762B89798700288621 /* CombinedView.swift */; };
		C71F79792B897B3600288621 /* Colors.swift in Sources */ = {isa = PBXBuildFile; fileRef = C71F79782B897B3600288621 /* Colors.swift */; };
		C71F79822B8A380900288621 /* logo.swift in Sources */ = {isa = PBXBuildFile; fileRef = C71F79812B8A380900288621 /* logo.swift */; };
		C723DFD52BA2809D003FDC48 /* progressLogo.swift in Sources */ = {isa = PBXBuildFile; fileRef = C723DFD42BA2809D003FDC48 /* progressLogo.swift */; };
		C7331EFB2B89040700ECE039 /* BackButton.swift in Sources */ = {isa = PBXBuildFile; fileRef = C7331EFA2B89040700ECE039 /* BackButton.swift */; };
		C7331EFD2B89043900ECE039 /* ShareButton.swift in Sources */ = {isa = PBXBuildFile; fileRef = C7331EFC2B89043900ECE039 /* ShareButton.swift */; };
		C7331F002B89049500ECE039 /* FeedContent.swift in Sources */ = {isa = PBXBuildFile; fileRef = C7331EFF2B89049500ECE039 /* FeedContent.swift */; };
		C73F70562B8BCE120063978E /* CoreDataModel.xcdatamodeld in Sources */ = {isa = PBXBuildFile; fileRef = C73F70542B8BCE120063978E /* CoreDataModel.xcdatamodeld */; };
		C73F70582B8BCE390063978E /* CoreDataViewModel.swift in Sources */ = {isa = PBXBuildFile; fileRef = C73F70572B8BCE390063978E /* CoreDataViewModel.swift */; };
		C7539E0F2B9BDD0500029ED9 /* getVideoFPS.swift in Sources */ = {isa = PBXBuildFile; fileRef = C7539E0E2B9BDD0500029ED9 /* getVideoFPS.swift */; };
		C75EBA8C2B76DFA000659D07 /* HomeView.swift in Sources */ = {isa = PBXBuildFile; fileRef = C75EBA8B2B76DFA000659D07 /* HomeView.swift */; };
		C75EBA8E2B76E61900659D07 /* LibraryView.swift in Sources */ = {isa = PBXBuildFile; fileRef = C75EBA8D2B76E61900659D07 /* LibraryView.swift */; };
		C75EBA9B2B77F4FD00659D07 /* SingleFeedView.swift in Sources */ = {isa = PBXBuildFile; fileRef = C75EBA9A2B77F4FD00659D07 /* SingleFeedView.swift */; };
		C7853D292B62F88400130915 /* noissyApp.swift in Sources */ = {isa = PBXBuildFile; fileRef = C7853D282B62F88400130915 /* noissyApp.swift */; };
		C7853D2B2B62F88400130915 /* noissy.swift in Sources */ = {isa = PBXBuildFile; fileRef = C7853D2A2B62F88400130915 /* noissy.swift */; };
		C7853D2D2B62F88600130915 /* Assets.xcassets in Resources */ = {isa = PBXBuildFile; fileRef = C7853D2C2B62F88600130915 /* Assets.xcassets */; };
		C7853D302B62F88600130915 /* Preview Assets.xcassets in Resources */ = {isa = PBXBuildFile; fileRef = C7853D2F2B62F88600130915 /* Preview Assets.xcassets */; };
		C7A038B42B8DE812002CD141 /* HeaderLabel.swift in Sources */ = {isa = PBXBuildFile; fileRef = C7A038B32B8DE812002CD141 /* HeaderLabel.swift */; };
		C7A038B62B8DEFF9002CD141 /* PreviewContent.swift in Sources */ = {isa = PBXBuildFile; fileRef = C7A038B52B8DEFF9002CD141 /* PreviewContent.swift */; };
		C7A038E02B8F867E002CD141 /* VideoPlayButton.swift in Sources */ = {isa = PBXBuildFile; fileRef = C7A038DF2B8F867E002CD141 /* VideoPlayButton.swift */; };
		C7A038E22B8F873C002CD141 /* PreviewView.swift in Sources */ = {isa = PBXBuildFile; fileRef = C7A038E12B8F873C002CD141 /* PreviewView.swift */; };
		C7A038E82B900365002CD141 /* Movie.swift in Sources */ = {isa = PBXBuildFile; fileRef = C7A038E72B900365002CD141 /* Movie.swift */; };
		C7A038EA2B900394002CD141 /* dataToURL.swift in Sources */ = {isa = PBXBuildFile; fileRef = C7A038E92B900394002CD141 /* dataToURL.swift */; };
		C7A038F02B910F5F002CD141 /* CustomVideoPlayer.swift in Sources */ = {isa = PBXBuildFile; fileRef = C7A038EF2B910F5F002CD141 /* CustomVideoPlayer.swift */; };
		C7A0390C2B9206FD002CD141 /* mergeVideoAndAudio.swift in Sources */ = {isa = PBXBuildFile; fileRef = C7A0390B2B9206FD002CD141 /* mergeVideoAndAudio.swift */; };
		C7A0390E2B921104002CD141 /* generateImageFromVideo.swift in Sources */ = {isa = PBXBuildFile; fileRef = C7A0390D2B921104002CD141 /* generateImageFromVideo.swift */; };
		C7DC01AB2B7A254600F96B92 /* FeedViewModel.swift in Sources */ = {isa = PBXBuildFile; fileRef = C7DC01AA2B7A254600F96B92 /* FeedViewModel.swift */; };
/* End PBXBuildFile section */

/* Begin PBXFileReference section */
		C7052BAF2B936127007131BB /* MoreActionButton.swift */ = {isa = PBXFileReference; lastKnownFileType = sourcecode.swift; path = MoreActionButton.swift; sourceTree = "<group>"; };
		C7052BB12B93B620007131BB /* DeleteButton.swift */ = {isa = PBXFileReference; lastKnownFileType = sourcecode.swift; path = DeleteButton.swift; sourceTree = "<group>"; };
		C7052BB52B93BDA7007131BB /* VideoMenu.swift */ = {isa = PBXFileReference; lastKnownFileType = sourcecode.swift; path = VideoMenu.swift; sourceTree = "<group>"; };
		C7052BBE2B93F057007131BB /* NetworkService.swift */ = {isa = PBXFileReference; lastKnownFileType = sourcecode.swift; path = NetworkService.swift; sourceTree = "<group>"; };
		C7052BC02B93F08D007131BB /* AppError.swift */ = {isa = PBXFileReference; lastKnownFileType = sourcecode.swift; path = AppError.swift; sourceTree = "<group>"; };
		C7052BC22B93F0AA007131BB /* APIResponse.swift */ = {isa = PBXFileReference; lastKnownFileType = sourcecode.swift; path = APIResponse.swift; sourceTree = "<group>"; };
		C7052BC42B93F0BC007131BB /* Route.swift */ = {isa = PBXFileReference; lastKnownFileType = sourcecode.swift; path = Route.swift; sourceTree = "<group>"; };
		C7052BC62B93F0D6007131BB /* Method.swift */ = {isa = PBXFileReference; lastKnownFileType = sourcecode.swift; path = Method.swift; sourceTree = "<group>"; };
		C71F796A2B89652800288621 /* OpenMedia.swift */ = {isa = PBXFileReference; lastKnownFileType = sourcecode.swift; path = OpenMedia.swift; sourceTree = "<group>"; };
		C71F796E2B89751C00288621 /* libraryFeedPreview.swift */ = {isa = PBXFileReference; lastKnownFileType = sourcecode.swift; path = libraryFeedPreview.swift; sourceTree = "<group>"; };
		C71F79702B8977B000288621 /* CircleIndicator.swift */ = {isa = PBXFileReference; lastKnownFileType = sourcecode.swift; path = CircleIndicator.swift; sourceTree = "<group>"; };
		C71F79722B89781800288621 /* PageIndicator.swift */ = {isa = PBXFileReference; lastKnownFileType = sourcecode.swift; path = PageIndicator.swift; sourceTree = "<group>"; };
		C71F79742B89783D00288621 /* noissyHeader.swift */ = {isa = PBXFileReference; lastKnownFileType = sourcecode.swift; path = noissyHeader.swift; sourceTree = "<group>"; };
		C71F79762B89798700288621 /* CombinedView.swift */ = {isa = PBXFileReference; lastKnownFileType = sourcecode.swift; path = CombinedView.swift; sourceTree = "<group>"; };
		C71F79782B897B3600288621 /* Colors.swift */ = {isa = PBXFileReference; lastKnownFileType = sourcecode.swift; path = Colors.swift; sourceTree = "<group>"; };
		C71F79812B8A380900288621 /* logo.swift */ = {isa = PBXFileReference; lastKnownFileType = sourcecode.swift; path = logo.swift; sourceTree = "<group>"; };
		C723DFD42BA2809D003FDC48 /* progressLogo.swift */ = {isa = PBXFileReference; lastKnownFileType = sourcecode.swift; path = progressLogo.swift; sourceTree = "<group>"; };
		C7331EFA2B89040700ECE039 /* BackButton.swift */ = {isa = PBXFileReference; lastKnownFileType = sourcecode.swift; path = BackButton.swift; sourceTree = "<group>"; };
		C7331EFC2B89043900ECE039 /* ShareButton.swift */ = {isa = PBXFileReference; lastKnownFileType = sourcecode.swift; path = ShareButton.swift; sourceTree = "<group>"; };
		C7331EFF2B89049500ECE039 /* FeedContent.swift */ = {isa = PBXFileReference; lastKnownFileType = sourcecode.swift; path = FeedContent.swift; sourceTree = "<group>"; };
		C73F70552B8BCE120063978E /* CoreDataModel.xcdatamodel */ = {isa = PBXFileReference; lastKnownFileType = wrapper.xcdatamodel; path = CoreDataModel.xcdatamodel; sourceTree = "<group>"; };
		C73F70572B8BCE390063978E /* CoreDataViewModel.swift */ = {isa = PBXFileReference; lastKnownFileType = sourcecode.swift; path = CoreDataViewModel.swift; sourceTree = "<group>"; };
		C7539E0E2B9BDD0500029ED9 /* getVideoFPS.swift */ = {isa = PBXFileReference; lastKnownFileType = sourcecode.swift; path = getVideoFPS.swift; sourceTree = "<group>"; };
		C75EBA8B2B76DFA000659D07 /* HomeView.swift */ = {isa = PBXFileReference; lastKnownFileType = sourcecode.swift; path = HomeView.swift; sourceTree = "<group>"; };
		C75EBA8D2B76E61900659D07 /* LibraryView.swift */ = {isa = PBXFileReference; lastKnownFileType = sourcecode.swift; path = LibraryView.swift; sourceTree = "<group>"; };
		C75EBA9A2B77F4FD00659D07 /* SingleFeedView.swift */ = {isa = PBXFileReference; lastKnownFileType = sourcecode.swift; path = SingleFeedView.swift; sourceTree = "<group>"; };
		C7853D252B62F88400130915 /* noissy.app */ = {isa = PBXFileReference; explicitFileType = wrapper.application; includeInIndex = 0; path = noissy.app; sourceTree = BUILT_PRODUCTS_DIR; };
		C7853D282B62F88400130915 /* noissyApp.swift */ = {isa = PBXFileReference; lastKnownFileType = sourcecode.swift; path = noissyApp.swift; sourceTree = "<group>"; };
		C7853D2A2B62F88400130915 /* noissy.swift */ = {isa = PBXFileReference; lastKnownFileType = sourcecode.swift; path = noissy.swift; sourceTree = "<group>"; };
		C7853D2C2B62F88600130915 /* Assets.xcassets */ = {isa = PBXFileReference; lastKnownFileType = folder.assetcatalog; path = Assets.xcassets; sourceTree = "<group>"; };
		C7853D2F2B62F88600130915 /* Preview Assets.xcassets */ = {isa = PBXFileReference; lastKnownFileType = folder.assetcatalog; path = "Preview Assets.xcassets"; sourceTree = "<group>"; };
		C7A038B32B8DE812002CD141 /* HeaderLabel.swift */ = {isa = PBXFileReference; lastKnownFileType = sourcecode.swift; path = HeaderLabel.swift; sourceTree = "<group>"; };
		C7A038B52B8DEFF9002CD141 /* PreviewContent.swift */ = {isa = PBXFileReference; lastKnownFileType = sourcecode.swift; path = PreviewContent.swift; sourceTree = "<group>"; };
		C7A038DF2B8F867E002CD141 /* VideoPlayButton.swift */ = {isa = PBXFileReference; lastKnownFileType = sourcecode.swift; path = VideoPlayButton.swift; sourceTree = "<group>"; };
		C7A038E12B8F873C002CD141 /* PreviewView.swift */ = {isa = PBXFileReference; lastKnownFileType = sourcecode.swift; path = PreviewView.swift; sourceTree = "<group>"; };
		C7A038E72B900365002CD141 /* Movie.swift */ = {isa = PBXFileReference; lastKnownFileType = sourcecode.swift; path = Movie.swift; sourceTree = "<group>"; };
		C7A038E92B900394002CD141 /* dataToURL.swift */ = {isa = PBXFileReference; lastKnownFileType = sourcecode.swift; path = dataToURL.swift; sourceTree = "<group>"; };
		C7A038EF2B910F5F002CD141 /* CustomVideoPlayer.swift */ = {isa = PBXFileReference; lastKnownFileType = sourcecode.swift; path = CustomVideoPlayer.swift; sourceTree = "<group>"; };
		C7A0390B2B9206FD002CD141 /* mergeVideoAndAudio.swift */ = {isa = PBXFileReference; lastKnownFileType = sourcecode.swift; path = mergeVideoAndAudio.swift; sourceTree = "<group>"; };
		C7A0390D2B921104002CD141 /* generateImageFromVideo.swift */ = {isa = PBXFileReference; lastKnownFileType = sourcecode.swift; path = generateImageFromVideo.swift; sourceTree = "<group>"; };
		C7DC01AA2B7A254600F96B92 /* FeedViewModel.swift */ = {isa = PBXFileReference; lastKnownFileType = sourcecode.swift; path = FeedViewModel.swift; sourceTree = "<group>"; };
/* End PBXFileReference section */

/* Begin PBXFrameworksBuildPhase section */
		C7853D222B62F88400130915 /* Frameworks */ = {
			isa = PBXFrameworksBuildPhase;
			buildActionMask = 2147483647;
			files = (
			);
			runOnlyForDeploymentPostprocessing = 0;
		};
/* End PBXFrameworksBuildPhase section */

/* Begin PBXGroup section */
		C7052BBD2B93F037007131BB /* API Request */ = {
			isa = PBXGroup;
			children = (
				C7052BBE2B93F057007131BB /* NetworkService.swift */,
				C7052BC42B93F0BC007131BB /* Route.swift */,
				C7052BC22B93F0AA007131BB /* APIResponse.swift */,
				C7052BC62B93F0D6007131BB /* Method.swift */,
				C7052BC02B93F08D007131BB /* AppError.swift */,
			);
			path = "API Request";
			sourceTree = "<group>";
		};
		C71F79692B89616A00288621 /* Feed */ = {
			isa = PBXGroup;
			children = (
				C75EBA9A2B77F4FD00659D07 /* SingleFeedView.swift */,
				C7331EFF2B89049500ECE039 /* FeedContent.swift */,
				C7052BB52B93BDA7007131BB /* VideoMenu.swift */,
				C7A038E72B900365002CD141 /* Movie.swift */,
				C7A038EF2B910F5F002CD141 /* CustomVideoPlayer.swift */,
			);
			path = Feed;
			sourceTree = "<group>";
		};
		C71F796C2B89655800288621 /* Home */ = {
			isa = PBXGroup;
			children = (
				C75EBA8B2B76DFA000659D07 /* HomeView.swift */,
				C71F796A2B89652800288621 /* OpenMedia.swift */,
				C723DFD42BA2809D003FDC48 /* progressLogo.swift */,
				C7A038B32B8DE812002CD141 /* HeaderLabel.swift */,
			);
			path = Home;
			sourceTree = "<group>";
		};
		C71F796D2B89667D00288621 /* Library */ = {
			isa = PBXGroup;
			children = (
				C75EBA8D2B76E61900659D07 /* LibraryView.swift */,
				C71F796E2B89751C00288621 /* libraryFeedPreview.swift */,
				C7A038E12B8F873C002CD141 /* PreviewView.swift */,
				C7A038B52B8DEFF9002CD141 /* PreviewContent.swift */,
			);
			path = Library;
			sourceTree = "<group>";
		};
		C71F797A2B897D6F00288621 /* Header */ = {
			isa = PBXGroup;
			children = (
				C71F79702B8977B000288621 /* CircleIndicator.swift */,
				C71F79722B89781800288621 /* PageIndicator.swift */,
				C71F79742B89783D00288621 /* noissyHeader.swift */,
			);
			path = Header;
			sourceTree = "<group>";
		};
		C7331EFE2B89047800ECE039 /* Buttons */ = {
			isa = PBXGroup;
			children = (
				C7331EFC2B89043900ECE039 /* ShareButton.swift */,
				C7052BB12B93B620007131BB /* DeleteButton.swift */,
				C7052BAF2B936127007131BB /* MoreActionButton.swift */,
				C7A038DF2B8F867E002CD141 /* VideoPlayButton.swift */,
				C7331EFA2B89040700ECE039 /* BackButton.swift */,
			);
			path = Buttons;
			sourceTree = "<group>";
		};
		C7853D1C2B62F88400130915 = {
			isa = PBXGroup;
			children = (
				C7853D272B62F88400130915 /* noissy */,
				C7853D262B62F88400130915 /* Products */,
			);
			sourceTree = "<group>";
		};
		C7853D262B62F88400130915 /* Products */ = {
			isa = PBXGroup;
			children = (
				C7853D252B62F88400130915 /* noissy.app */,
			);
			name = Products;
			sourceTree = "<group>";
		};
		C7853D272B62F88400130915 /* noissy */ = {
			isa = PBXGroup;
			children = (
				C7853D282B62F88400130915 /* noissyApp.swift */,
				C7853D2A2B62F88400130915 /* noissy.swift */,
				C71F79762B89798700288621 /* CombinedView.swift */,
				C71F796C2B89655800288621 /* Home */,
				C71F796D2B89667D00288621 /* Library */,
				C71F79692B89616A00288621 /* Feed */,
				C7DC01AE2B7A61DE00F96B92 /* VMM */,
				C71F797A2B897D6F00288621 /* Header */,
				C7331EFE2B89047800ECE039 /* Buttons */,
				C7A038ED2B90C77A002CD141 /* Functions */,
				C7052BBD2B93F037007131BB /* API Request */,
				C7A038EE2B90C79D002CD141 /* Assets */,
				C7853D2C2B62F88600130915 /* Assets.xcassets */,
				C7853D2E2B62F88600130915 /* Preview Content */,
			);
			path = noissy;
			sourceTree = "<group>";
		};
		C7853D2E2B62F88600130915 /* Preview Content */ = {
			isa = PBXGroup;
			children = (
				C7853D2F2B62F88600130915 /* Preview Assets.xcassets */,
			);
			path = "Preview Content";
			sourceTree = "<group>";
		};
		C7A038ED2B90C77A002CD141 /* Functions */ = {
			isa = PBXGroup;
			children = (
				C7A038E92B900394002CD141 /* dataToURL.swift */,
				C7539E0E2B9BDD0500029ED9 /* getVideoFPS.swift */,
				C7A0390D2B921104002CD141 /* generateImageFromVideo.swift */,
				C7A0390B2B9206FD002CD141 /* mergeVideoAndAudio.swift */,
			);
			path = Functions;
			sourceTree = "<group>";
		};
		C7A038EE2B90C79D002CD141 /* Assets */ = {
			isa = PBXGroup;
			children = (
				C71F79812B8A380900288621 /* logo.swift */,
				C71F79782B897B3600288621 /* Colors.swift */,
			);
			path = Assets;
			sourceTree = "<group>";
		};
		C7DC01AE2B7A61DE00F96B92 /* VMM */ = {
			isa = PBXGroup;
			children = (
				C7DC01AA2B7A254600F96B92 /* FeedViewModel.swift */,
				C73F70572B8BCE390063978E /* CoreDataViewModel.swift */,
				C73F70542B8BCE120063978E /* CoreDataModel.xcdatamodeld */,
			);
			path = VMM;
			sourceTree = "<group>";
		};
/* End PBXGroup section */

/* Begin PBXNativeTarget section */
		C7853D242B62F88400130915 /* noissy */ = {
			isa = PBXNativeTarget;
			buildConfigurationList = C7853D332B62F88600130915 /* Build configuration list for PBXNativeTarget "noissy" */;
			buildPhases = (
				C7853D212B62F88400130915 /* Sources */,
				C7853D222B62F88400130915 /* Frameworks */,
				C7853D232B62F88400130915 /* Resources */,
			);
			buildRules = (
			);
			dependencies = (
			);
			name = noissy;
			productName = noissy;
			productReference = C7853D252B62F88400130915 /* noissy.app */;
			productType = "com.apple.product-type.application";
		};
/* End PBXNativeTarget section */

/* Begin PBXProject section */
		C7853D1D2B62F88400130915 /* Project object */ = {
			isa = PBXProject;
			attributes = {
				BuildIndependentTargetsInParallel = 1;
				LastSwiftUpdateCheck = 1520;
				LastUpgradeCheck = 1520;
				TargetAttributes = {
					C7853D242B62F88400130915 = {
						CreatedOnToolsVersion = 15.2;
					};
				};
			};
			buildConfigurationList = C7853D202B62F88400130915 /* Build configuration list for PBXProject "noissy" */;
			compatibilityVersion = "Xcode 14.0";
			developmentRegion = en;
			hasScannedForEncodings = 0;
			knownRegions = (
				en,
				Base,
			);
			mainGroup = C7853D1C2B62F88400130915;
			productRefGroup = C7853D262B62F88400130915 /* Products */;
			projectDirPath = "";
			projectRoot = "";
			targets = (
				C7853D242B62F88400130915 /* noissy */,
			);
		};
/* End PBXProject section */

/* Begin PBXResourcesBuildPhase section */
		C7853D232B62F88400130915 /* Resources */ = {
			isa = PBXResourcesBuildPhase;
			buildActionMask = 2147483647;
			files = (
				C7853D302B62F88600130915 /* Preview Assets.xcassets in Resources */,
				C7853D2D2B62F88600130915 /* Assets.xcassets in Resources */,
			);
			runOnlyForDeploymentPostprocessing = 0;
		};
/* End PBXResourcesBuildPhase section */

/* Begin PBXSourcesBuildPhase section */
		C7853D212B62F88400130915 /* Sources */ = {
			isa = PBXSourcesBuildPhase;
			buildActionMask = 2147483647;
			files = (
				C7A038B62B8DEFF9002CD141 /* PreviewContent.swift in Sources */,
				C7A038E02B8F867E002CD141 /* VideoPlayButton.swift in Sources */,
				C71F79712B8977B000288621 /* CircleIndicator.swift in Sources */,
				C7331EFB2B89040700ECE039 /* BackButton.swift in Sources */,
				C71F79772B89798700288621 /* CombinedView.swift in Sources */,
				C7052BC32B93F0AA007131BB /* APIResponse.swift in Sources */,
				C7853D2B2B62F88400130915 /* noissy.swift in Sources */,
				C7052BB62B93BDA7007131BB /* VideoMenu.swift in Sources */,
				C7052BC72B93F0D6007131BB /* Method.swift in Sources */,
				C71F79822B8A380900288621 /* logo.swift in Sources */,
				C7052BC12B93F08D007131BB /* AppError.swift in Sources */,
				C7A038E22B8F873C002CD141 /* PreviewView.swift in Sources */,
				C7A0390C2B9206FD002CD141 /* mergeVideoAndAudio.swift in Sources */,
				C7052BBF2B93F057007131BB /* NetworkService.swift in Sources */,
				C7A038B42B8DE812002CD141 /* HeaderLabel.swift in Sources */,
				C723DFD52BA2809D003FDC48 /* progressLogo.swift in Sources */,
				C7539E0F2B9BDD0500029ED9 /* getVideoFPS.swift in Sources */,
				C7331EFD2B89043900ECE039 /* ShareButton.swift in Sources */,
				C7A0390E2B921104002CD141 /* generateImageFromVideo.swift in Sources */,
				C71F796B2B89652800288621 /* OpenMedia.swift in Sources */,
				C71F79732B89781800288621 /* PageIndicator.swift in Sources */,
				C7052BB22B93B620007131BB /* DeleteButton.swift in Sources */,
				C7052BB02B936127007131BB /* MoreActionButton.swift in Sources */,
				C75EBA8C2B76DFA000659D07 /* HomeView.swift in Sources */,
				C71F796F2B89751C00288621 /* libraryFeedPreview.swift in Sources */,
				C71F79752B89783D00288621 /* noissyHeader.swift in Sources */,
				C73F70562B8BCE120063978E /* CoreDataModel.xcdatamodeld in Sources */,
				C7A038E82B900365002CD141 /* Movie.swift in Sources */,
				C73F70582B8BCE390063978E /* CoreDataViewModel.swift in Sources */,
				C71F79792B897B3600288621 /* Colors.swift in Sources */,
				C7A038F02B910F5F002CD141 /* CustomVideoPlayer.swift in Sources */,
				C7853D292B62F88400130915 /* noissyApp.swift in Sources */,
				C7DC01AB2B7A254600F96B92 /* FeedViewModel.swift in Sources */,
				C7A038EA2B900394002CD141 /* dataToURL.swift in Sources */,
				C7331F002B89049500ECE039 /* FeedContent.swift in Sources */,
				C75EBA9B2B77F4FD00659D07 /* SingleFeedView.swift in Sources */,
				C7052BC52B93F0BC007131BB /* Route.swift in Sources */,
				C75EBA8E2B76E61900659D07 /* LibraryView.swift in Sources */,
			);
			runOnlyForDeploymentPostprocessing = 0;
		};
/* End PBXSourcesBuildPhase section */

/* Begin XCBuildConfiguration section */
		C7853D312B62F88600130915 /* Debug */ = {
			isa = XCBuildConfiguration;
			buildSettings = {
				ALWAYS_SEARCH_USER_PATHS = NO;
				ASSETCATALOG_COMPILER_GENERATE_SWIFT_ASSET_SYMBOL_EXTENSIONS = YES;
				CLANG_ANALYZER_NONNULL = YES;
				CLANG_ANALYZER_NUMBER_OBJECT_CONVERSION = YES_AGGRESSIVE;
				CLANG_CXX_LANGUAGE_STANDARD = "gnu++20";
				CLANG_ENABLE_MODULES = YES;
				CLANG_ENABLE_OBJC_ARC = YES;
				CLANG_ENABLE_OBJC_WEAK = YES;
				CLANG_WARN_BLOCK_CAPTURE_AUTORELEASING = YES;
				CLANG_WARN_BOOL_CONVERSION = YES;
				CLANG_WARN_COMMA = YES;
				CLANG_WARN_CONSTANT_CONVERSION = YES;
				CLANG_WARN_DEPRECATED_OBJC_IMPLEMENTATIONS = YES;
				CLANG_WARN_DIRECT_OBJC_ISA_USAGE = YES_ERROR;
				CLANG_WARN_DOCUMENTATION_COMMENTS = YES;
				CLANG_WARN_EMPTY_BODY = YES;
				CLANG_WARN_ENUM_CONVERSION = YES;
				CLANG_WARN_INFINITE_RECURSION = YES;
				CLANG_WARN_INT_CONVERSION = YES;
				CLANG_WARN_NON_LITERAL_NULL_CONVERSION = YES;
				CLANG_WARN_OBJC_IMPLICIT_RETAIN_SELF = YES;
				CLANG_WARN_OBJC_LITERAL_CONVERSION = YES;
				CLANG_WARN_OBJC_ROOT_CLASS = YES_ERROR;
				CLANG_WARN_QUOTED_INCLUDE_IN_FRAMEWORK_HEADER = YES;
				CLANG_WARN_RANGE_LOOP_ANALYSIS = YES;
				CLANG_WARN_STRICT_PROTOTYPES = YES;
				CLANG_WARN_SUSPICIOUS_MOVE = YES;
				CLANG_WARN_UNGUARDED_AVAILABILITY = YES_AGGRESSIVE;
				CLANG_WARN_UNREACHABLE_CODE = YES;
				CLANG_WARN__DUPLICATE_METHOD_MATCH = YES;
				COPY_PHASE_STRIP = NO;
				DEBUG_INFORMATION_FORMAT = dwarf;
				ENABLE_STRICT_OBJC_MSGSEND = YES;
				ENABLE_TESTABILITY = YES;
				ENABLE_USER_SCRIPT_SANDBOXING = YES;
				GCC_C_LANGUAGE_STANDARD = gnu17;
				GCC_DYNAMIC_NO_PIC = NO;
				GCC_NO_COMMON_BLOCKS = YES;
				GCC_OPTIMIZATION_LEVEL = 0;
				GCC_PREPROCESSOR_DEFINITIONS = (
					"DEBUG=1",
					"$(inherited)",
				);
				GCC_WARN_64_TO_32_BIT_CONVERSION = YES;
				GCC_WARN_ABOUT_RETURN_TYPE = YES_ERROR;
				GCC_WARN_UNDECLARED_SELECTOR = YES;
				GCC_WARN_UNINITIALIZED_AUTOS = YES_AGGRESSIVE;
				GCC_WARN_UNUSED_FUNCTION = YES;
				GCC_WARN_UNUSED_VARIABLE = YES;
				IPHONEOS_DEPLOYMENT_TARGET = 16.0;
				LOCALIZATION_PREFERS_STRING_CATALOGS = YES;
				MTL_ENABLE_DEBUG_INFO = INCLUDE_SOURCE;
				MTL_FAST_MATH = YES;
				ONLY_ACTIVE_ARCH = YES;
				SDKROOT = iphoneos;
				SWIFT_ACTIVE_COMPILATION_CONDITIONS = "DEBUG $(inherited)";
				SWIFT_OPTIMIZATION_LEVEL = "-Onone";
			};
			name = Debug;
		};
		C7853D322B62F88600130915 /* Release */ = {
			isa = XCBuildConfiguration;
			buildSettings = {
				ALWAYS_SEARCH_USER_PATHS = NO;
				ASSETCATALOG_COMPILER_GENERATE_SWIFT_ASSET_SYMBOL_EXTENSIONS = YES;
				CLANG_ANALYZER_NONNULL = YES;
				CLANG_ANALYZER_NUMBER_OBJECT_CONVERSION = YES_AGGRESSIVE;
				CLANG_CXX_LANGUAGE_STANDARD = "gnu++20";
				CLANG_ENABLE_MODULES = YES;
				CLANG_ENABLE_OBJC_ARC = YES;
				CLANG_ENABLE_OBJC_WEAK = YES;
				CLANG_WARN_BLOCK_CAPTURE_AUTORELEASING = YES;
				CLANG_WARN_BOOL_CONVERSION = YES;
				CLANG_WARN_COMMA = YES;
				CLANG_WARN_CONSTANT_CONVERSION = YES;
				CLANG_WARN_DEPRECATED_OBJC_IMPLEMENTATIONS = YES;
				CLANG_WARN_DIRECT_OBJC_ISA_USAGE = YES_ERROR;
				CLANG_WARN_DOCUMENTATION_COMMENTS = YES;
				CLANG_WARN_EMPTY_BODY = YES;
				CLANG_WARN_ENUM_CONVERSION = YES;
				CLANG_WARN_INFINITE_RECURSION = YES;
				CLANG_WARN_INT_CONVERSION = YES;
				CLANG_WARN_NON_LITERAL_NULL_CONVERSION = YES;
				CLANG_WARN_OBJC_IMPLICIT_RETAIN_SELF = YES;
				CLANG_WARN_OBJC_LITERAL_CONVERSION = YES;
				CLANG_WARN_OBJC_ROOT_CLASS = YES_ERROR;
				CLANG_WARN_QUOTED_INCLUDE_IN_FRAMEWORK_HEADER = YES;
				CLANG_WARN_RANGE_LOOP_ANALYSIS = YES;
				CLANG_WARN_STRICT_PROTOTYPES = YES;
				CLANG_WARN_SUSPICIOUS_MOVE = YES;
				CLANG_WARN_UNGUARDED_AVAILABILITY = YES_AGGRESSIVE;
				CLANG_WARN_UNREACHABLE_CODE = YES;
				CLANG_WARN__DUPLICATE_METHOD_MATCH = YES;
				COPY_PHASE_STRIP = NO;
				DEBUG_INFORMATION_FORMAT = "dwarf-with-dsym";
				ENABLE_NS_ASSERTIONS = NO;
				ENABLE_STRICT_OBJC_MSGSEND = YES;
				ENABLE_USER_SCRIPT_SANDBOXING = YES;
				GCC_C_LANGUAGE_STANDARD = gnu17;
				GCC_NO_COMMON_BLOCKS = YES;
				GCC_WARN_64_TO_32_BIT_CONVERSION = YES;
				GCC_WARN_ABOUT_RETURN_TYPE = YES_ERROR;
				GCC_WARN_UNDECLARED_SELECTOR = YES;
				GCC_WARN_UNINITIALIZED_AUTOS = YES_AGGRESSIVE;
				GCC_WARN_UNUSED_FUNCTION = YES;
				GCC_WARN_UNUSED_VARIABLE = YES;
				IPHONEOS_DEPLOYMENT_TARGET = 16.0;
				LOCALIZATION_PREFERS_STRING_CATALOGS = YES;
				MTL_ENABLE_DEBUG_INFO = NO;
				MTL_FAST_MATH = YES;
				SDKROOT = iphoneos;
				SWIFT_COMPILATION_MODE = wholemodule;
				VALIDATE_PRODUCT = YES;
			};
			name = Release;
		};
		C7853D342B62F88600130915 /* Debug */ = {
			isa = XCBuildConfiguration;
			buildSettings = {
				ASSETCATALOG_COMPILER_APPICON_NAME = AppIcon;
				ASSETCATALOG_COMPILER_GLOBAL_ACCENT_COLOR_NAME = AccentColor;
				CODE_SIGN_STYLE = Automatic;
				CURRENT_PROJECT_VERSION = 1;
				DEVELOPMENT_ASSET_PATHS = "\"noissy/Preview Content\"";
				DEVELOPMENT_TEAM = C5WR7XY3N2;
				ENABLE_PREVIEWS = YES;
				GENERATE_INFOPLIST_FILE = YES;
				INFOPLIST_KEY_UIApplicationSceneManifest_Generation = YES;
				INFOPLIST_KEY_UIApplicationSupportsIndirectInputEvents = YES;
				INFOPLIST_KEY_UILaunchScreen_Generation = YES;
				INFOPLIST_KEY_UISupportedInterfaceOrientations = UIInterfaceOrientationPortrait;
				INFOPLIST_KEY_UISupportedInterfaceOrientations_iPad = "UIInterfaceOrientationLandscapeLeft UIInterfaceOrientationLandscapeRight UIInterfaceOrientationPortrait UIInterfaceOrientationPortraitUpsideDown";
				IPHONEOS_DEPLOYMENT_TARGET = 16.0;
				LD_RUNPATH_SEARCH_PATHS = (
					"$(inherited)",
					"@executable_path/Frameworks",
				);
				MARKETING_VERSION = 1.0;
				PRODUCT_BUNDLE_IDENTIFIER = mertguldu.noissy;
				PRODUCT_NAME = "$(TARGET_NAME)";
				SUPPORTED_PLATFORMS = "iphoneos iphonesimulator";
				SUPPORTS_MACCATALYST = NO;
				SUPPORTS_MAC_DESIGNED_FOR_IPHONE_IPAD = NO;
				SUPPORTS_XR_DESIGNED_FOR_IPHONE_IPAD = NO;
				SWIFT_EMIT_LOC_STRINGS = YES;
				SWIFT_VERSION = 5.0;
				TARGETED_DEVICE_FAMILY = 1;
			};
			name = Debug;
		};
		C7853D352B62F88600130915 /* Release */ = {
			isa = XCBuildConfiguration;
			buildSettings = {
				ASSETCATALOG_COMPILER_APPICON_NAME = AppIcon;
				ASSETCATALOG_COMPILER_GLOBAL_ACCENT_COLOR_NAME = AccentColor;
				CODE_SIGN_STYLE = Automatic;
				CURRENT_PROJECT_VERSION = 1;
				DEVELOPMENT_ASSET_PATHS = "\"noissy/Preview Content\"";
				DEVELOPMENT_TEAM = C5WR7XY3N2;
				ENABLE_PREVIEWS = YES;
				GENERATE_INFOPLIST_FILE = YES;
				INFOPLIST_KEY_UIApplicationSceneManifest_Generation = YES;
				INFOPLIST_KEY_UIApplicationSupportsIndirectInputEvents = YES;
				INFOPLIST_KEY_UILaunchScreen_Generation = YES;
				INFOPLIST_KEY_UISupportedInterfaceOrientations = UIInterfaceOrientationPortrait;
				INFOPLIST_KEY_UISupportedInterfaceOrientations_iPad = "UIInterfaceOrientationLandscapeLeft UIInterfaceOrientationLandscapeRight UIInterfaceOrientationPortrait UIInterfaceOrientationPortraitUpsideDown";
				IPHONEOS_DEPLOYMENT_TARGET = 16.0;
				LD_RUNPATH_SEARCH_PATHS = (
					"$(inherited)",
					"@executable_path/Frameworks",
				);
				MARKETING_VERSION = 1.0;
				PRODUCT_BUNDLE_IDENTIFIER = mertguldu.noissy;
				PRODUCT_NAME = "$(TARGET_NAME)";
				SUPPORTED_PLATFORMS = "iphoneos iphonesimulator";
				SUPPORTS_MACCATALYST = NO;
				SUPPORTS_MAC_DESIGNED_FOR_IPHONE_IPAD = NO;
				SUPPORTS_XR_DESIGNED_FOR_IPHONE_IPAD = NO;
				SWIFT_EMIT_LOC_STRINGS = YES;
				SWIFT_VERSION = 5.0;
				TARGETED_DEVICE_FAMILY = 1;
			};
			name = Release;
		};
/* End XCBuildConfiguration section */

/* Begin XCConfigurationList section */
		C7853D202B62F88400130915 /* Build configuration list for PBXProject "noissy" */ = {
			isa = XCConfigurationList;
			buildConfigurations = (
				C7853D312B62F88600130915 /* Debug */,
				C7853D322B62F88600130915 /* Release */,
			);
			defaultConfigurationIsVisible = 0;
			defaultConfigurationName = Release;
		};
		C7853D332B62F88600130915 /* Build configuration list for PBXNativeTarget "noissy" */ = {
			isa = XCConfigurationList;
			buildConfigurations = (
				C7853D342B62F88600130915 /* Debug */,
				C7853D352B62F88600130915 /* Release */,
			);
			defaultConfigurationIsVisible = 0;
			defaultConfigurationName = Release;
		};
/* End XCConfigurationList section */

/* Begin XCVersionGroup section */
		C73F70542B8BCE120063978E /* CoreDataModel.xcdatamodeld */ = {
			isa = XCVersionGroup;
			children = (
				C73F70552B8BCE120063978E /* CoreDataModel.xcdatamodel */,
			);
			currentVersion = C73F70552B8BCE120063978E /* CoreDataModel.xcdatamodel */;
			path = CoreDataModel.xcdatamodeld;
			sourceTree = "<group>";
			versionGroupType = wrapper.xcdatamodel;
		};
/* End XCVersionGroup section */
	};
	rootObject = C7853D1D2B62F88400130915 /* Project object */;
}
